
Microsoft Visual Studio Solution File, Format Version 12.00
# Visual Studio Version 17
VisualStudioVersion = 17.0.31903.59
MinimumVisualStudioVersion = 10.0.40219.1
Project("{FAE04EC0-301F-11D3-BF4B-00C04F79EFBC}") = "Application", "Application\Application.csproj", "{7382169F-4062-4E3C-A30A-3D0D383AD9DC}"
EndProject
Project("{FAE04EC0-301F-11D3-BF4B-00C04F79EFBC}") = "API", "API\API.csproj", "{4DFE3BDC-444A-4A90-BBAD-BFD8D55BCB3C}"
EndProject
Project("{FAE04EC0-301F-11D3-BF4B-00C04F79EFBC}") = "Domain", "Domain\Domain.csproj", "{1549841C-15A2-4074-951B-8BAE6AEA801D}"
EndProject
Project("{FAE04EC0-301F-11D3-BF4B-00C04F79EFBC}") = "Persistence", "Persistence\Persistence.csproj", "{E1A085CB-BC41-49CA-AA3A-3EB608E19469}"
EndProject
Global
	GlobalSection(SolutionConfigurationPlatforms) = preSolution
		Debug|Any CPU = Debug|Any CPU
		Release|Any CPU = Release|Any CPU
	EndGlobalSection
	GlobalSection(SolutionProperties) = preSolution
		HideSolutionNode = FALSE
	EndGlobalSection
	GlobalSection(ProjectConfigurationPlatforms) = postSolution
		{7382169F-4062-4E3C-A30A-3D0D383AD9DC}.Debug|Any CPU.ActiveCfg = Debug|Any CPU
		{7382169F-4062-4E3C-A30A-3D0D383AD9DC}.Debug|Any CPU.Build.0 = Debug|Any CPU
		{7382169F-4062-4E3C-A30A-3D0D383AD9DC}.Release|Any CPU.ActiveCfg = Release|Any CPU
		{7382169F-4062-4E3C-A30A-3D0D383AD9DC}.Release|Any CPU.Build.0 = Release|Any CPU
		{4DFE3BDC-444A-4A90-BBAD-BFD8D55BCB3C}.Debug|Any CPU.ActiveCfg = Debug|Any CPU
		{4DFE3BDC-444A-4A90-BBAD-BFD8D55BCB3C}.Debug|Any CPU.Build.0 = Debug|Any CPU
		{4DFE3BDC-444A-4A90-BBAD-BFD8D55BCB3C}.Release|Any CPU.ActiveCfg = Release|Any CPU
		{4DFE3BDC-444A-4A90-BBAD-BFD8D55BCB3C}.Release|Any CPU.Build.0 = Release|Any CPU
		{1549841C-15A2-4074-951B-8BAE6AEA801D}.Debug|Any CPU.ActiveCfg = Debug|Any CPU
		{1549841C-15A2-4074-951B-8BAE6AEA801D}.Debug|Any CPU.Build.0 = Debug|Any CPU
		{1549841C-15A2-4074-951B-8BAE6AEA801D}.Release|Any CPU.ActiveCfg = Release|Any CPU
		{1549841C-15A2-4074-951B-8BAE6AEA801D}.Release|Any CPU.Build.0 = Release|Any CPU
		{E1A085CB-BC41-49CA-AA3A-3EB608E19469}.Debug|Any CPU.ActiveCfg = Debug|Any CPU
		{E1A085CB-BC41-49CA-AA3A-3EB608E19469}.Debug|Any CPU.Build.0 = Debug|Any CPU
		{E1A085CB-BC41-49CA-AA3A-3EB608E19469}.Release|Any CPU.ActiveCfg = Release|Any CPU
		{E1A085CB-BC41-49CA-AA3A-3EB608E19469}.Release|Any CPU.Build.0 = Release|Any CPU
	EndGlobalSection
EndGlobal
